
Microsoft Visual Studio Solution File, Format Version 12.00
# Visual Studio Version 16
VisualStudioVersion = 16.0.31729.503
MinimumVisualStudioVersion = 10.0.40219.1
Project("{FAE04EC0-301F-11D3-BF4B-00C04F79EFBC}") = "PracticeLinq", "PracticeLinq\PracticeLinq.csproj", "{886F60BD-C430-4DA5-97BA-3DB23DC7C5A8}"
EndProject
Global
	GlobalSection(SolutionConfigurationPlatforms) = preSolution
		Debug|Any CPU = Debug|Any CPU
		Release|Any CPU = Release|Any CPU
	EndGlobalSection
	GlobalSection(ProjectConfigurationPlatforms) = postSolution
		{886F60BD-C430-4DA5-97BA-3DB23DC7C5A8}.Debug|Any CPU.ActiveCfg = Debug|Any CPU
		{886F60BD-C430-4DA5-97BA-3DB23DC7C5A8}.Debug|Any CPU.Build.0 = Debug|Any CPU
		{886F60BD-C430-4DA5-97BA-3DB23DC7C5A8}.Release|Any CPU.ActiveCfg = Release|Any CPU
		{886F60BD-C430-4DA5-97BA-3DB23DC7C5A8}.Release|Any CPU.Build.0 = Release|Any CPU
	EndGlobalSection
	GlobalSection(SolutionProperties) = preSolution
		HideSolutionNode = FALSE
	EndGlobalSection
	GlobalSection(ExtensibilityGlobals) = postSolution
		SolutionGuid = {6FB2607A-C9FB-4822-99E0-FE5430538F76}
	EndGlobalSection
EndGlobal
